// !$*UTF8*$!
{
	archiveVersion = 1;
	classes = {
	};
	objectVersion = 46;
	objects = {

/* Begin PBXBuildFile section */
		30D52EDBEC24F316D1DF2BD8 /* Pods_EmblemDataBase.framework in Frameworks */ = {isa = PBXBuildFile; fileRef = 6AABC71AF63C34B87CB5B172 /* Pods_EmblemDataBase.framework */; };
		84BD4F421E5C14FA0098962A /* AppDelegate.swift in Sources */ = {isa = PBXBuildFile; fileRef = 84BD4F411E5C14FA0098962A /* AppDelegate.swift */; };
		84BD4F441E5C14FA0098962A /* ViewController.swift in Sources */ = {isa = PBXBuildFile; fileRef = 84BD4F431E5C14FA0098962A /* ViewController.swift */; };
		84BD4F471E5C14FA0098962A /* Main.storyboard in Resources */ = {isa = PBXBuildFile; fileRef = 84BD4F451E5C14FA0098962A /* Main.storyboard */; };
		84BD4F4A1E5C14FA0098962A /* EmblemDataBase.xcdatamodeld in Sources */ = {isa = PBXBuildFile; fileRef = 84BD4F481E5C14FA0098962A /* EmblemDataBase.xcdatamodeld */; };
		84BD4F4C1E5C14FA0098962A /* Assets.xcassets in Resources */ = {isa = PBXBuildFile; fileRef = 84BD4F4B1E5C14FA0098962A /* Assets.xcassets */; };
		84BD4F4F1E5C14FA0098962A /* LaunchScreen.storyboard in Resources */ = {isa = PBXBuildFile; fileRef = 84BD4F4D1E5C14FA0098962A /* LaunchScreen.storyboard */; };
		84BD4F571E5C159E0098962A /* GoogleService-Info.plist in Resources */ = {isa = PBXBuildFile; fileRef = 84BD4F561E5C159E0098962A /* GoogleService-Info.plist */; };
		84BD4F621E5D51FC0098962A /* AddingUpcomingViewController.swift in Sources */ = {isa = PBXBuildFile; fileRef = 84BD4F611E5D51FC0098962A /* AddingUpcomingViewController.swift */; };
		84BD4F641E5D55390098962A /* Upcoming.swift in Sources */ = {isa = PBXBuildFile; fileRef = 84BD4F631E5D55390098962A /* Upcoming.swift */; };
		84BD4F661E5D5E4D0098962A /* UpcomingViewController.swift in Sources */ = {isa = PBXBuildFile; fileRef = 84BD4F651E5D5E4D0098962A /* UpcomingViewController.swift */; };
		84BD4F681E5D5E8A0098962A /* AddBirthdayViewController.swift in Sources */ = {isa = PBXBuildFile; fileRef = 84BD4F671E5D5E8A0098962A /* AddBirthdayViewController.swift */; };
		84BD4F6A1E5D5ECE0098962A /* CardViewController.swift in Sources */ = {isa = PBXBuildFile; fileRef = 84BD4F691E5D5ECE0098962A /* CardViewController.swift */; };
		84BD4F6C1E5D616C0098962A /* postStruct.swift in Sources */ = {isa = PBXBuildFile; fileRef = 84BD4F6B1E5D616C0098962A /* postStruct.swift */; };
		84BD4F6E1E5D69160098962A /* UpcomingCell.swift in Sources */ = {isa = PBXBuildFile; fileRef = 84BD4F6D1E5D69160098962A /* UpcomingCell.swift */; };
		84BD4F701E5EA5840098962A /* TableViewTest.swift in Sources */ = {isa = PBXBuildFile; fileRef = 84BD4F6F1E5EA5840098962A /* TableViewTest.swift */; };
/* End PBXBuildFile section */

/* Begin PBXFileReference section */
		6AABC71AF63C34B87CB5B172 /* Pods_EmblemDataBase.framework */ = {isa = PBXFileReference; explicitFileType = wrapper.framework; includeInIndex = 0; path = Pods_EmblemDataBase.framework; sourceTree = BUILT_PRODUCTS_DIR; };
		801C33D8DF9408C710F201B2 /* Pods-EmblemDataBase.debug.xcconfig */ = {isa = PBXFileReference; includeInIndex = 1; lastKnownFileType = text.xcconfig; name = "Pods-EmblemDataBase.debug.xcconfig"; path = "Pods/Target Support Files/Pods-EmblemDataBase/Pods-EmblemDataBase.debug.xcconfig"; sourceTree = "<group>"; };
		84BD4F3E1E5C14FA0098962A /* EmblemDataBase.app */ = {isa = PBXFileReference; explicitFileType = wrapper.application; includeInIndex = 0; path = EmblemDataBase.app; sourceTree = BUILT_PRODUCTS_DIR; };
		84BD4F411E5C14FA0098962A /* AppDelegate.swift */ = {isa = PBXFileReference; lastKnownFileType = sourcecode.swift; path = AppDelegate.swift; sourceTree = "<group>"; };
		84BD4F431E5C14FA0098962A /* ViewController.swift */ = {isa = PBXFileReference; lastKnownFileType = sourcecode.swift; path = ViewController.swift; sourceTree = "<group>"; };
		84BD4F461E5C14FA0098962A /* Base */ = {isa = PBXFileReference; lastKnownFileType = file.storyboard; name = Base; path = Base.lproj/Main.storyboard; sourceTree = "<group>"; };
		84BD4F491E5C14FA0098962A /* EmblemDataBase.xcdatamodel */ = {isa = PBXFileReference; lastKnownFileType = wrapper.xcdatamodel; path = EmblemDataBase.xcdatamodel; sourceTree = "<group>"; };
		84BD4F4B1E5C14FA0098962A /* Assets.xcassets */ = {isa = PBXFileReference; lastKnownFileType = folder.assetcatalog; path = Assets.xcassets; sourceTree = "<group>"; };
		84BD4F4E1E5C14FA0098962A /* Base */ = {isa = PBXFileReference; lastKnownFileType = file.storyboard; name = Base; path = Base.lproj/LaunchScreen.storyboard; sourceTree = "<group>"; };
		84BD4F501E5C14FA0098962A /* Info.plist */ = {isa = PBXFileReference; lastKnownFileType = text.plist.xml; path = Info.plist; sourceTree = "<group>"; };
		84BD4F561E5C159E0098962A /* GoogleService-Info.plist */ = {isa = PBXFileReference; fileEncoding = 4; lastKnownFileType = text.plist.xml; path = "GoogleService-Info.plist"; sourceTree = "<group>"; };
		84BD4F611E5D51FC0098962A /* AddingUpcomingViewController.swift */ = {isa = PBXFileReference; fileEncoding = 4; lastKnownFileType = sourcecode.swift; path = AddingUpcomingViewController.swift; sourceTree = "<group>"; };
		84BD4F631E5D55390098962A /* Upcoming.swift */ = {isa = PBXFileReference; fileEncoding = 4; lastKnownFileType = sourcecode.swift; path = Upcoming.swift; sourceTree = "<group>"; };
		84BD4F651E5D5E4D0098962A /* UpcomingViewController.swift */ = {isa = PBXFileReference; fileEncoding = 4; lastKnownFileType = sourcecode.swift; path = UpcomingViewController.swift; sourceTree = "<group>"; };
		84BD4F671E5D5E8A0098962A /* AddBirthdayViewController.swift */ = {isa = PBXFileReference; fileEncoding = 4; lastKnownFileType = sourcecode.swift; path = AddBirthdayViewController.swift; sourceTree = "<group>"; };
		84BD4F691E5D5ECE0098962A /* CardViewController.swift */ = {isa = PBXFileReference; fileEncoding = 4; lastKnownFileType = sourcecode.swift; path = CardViewController.swift; sourceTree = "<group>"; };
		84BD4F6B1E5D616C0098962A /* postStruct.swift */ = {isa = PBXFileReference; fileEncoding = 4; lastKnownFileType = sourcecode.swift; path = postStruct.swift; sourceTree = "<group>"; };
		84BD4F6D1E5D69160098962A /* UpcomingCell.swift */ = {isa = PBXFileReference; fileEncoding = 4; lastKnownFileType = sourcecode.swift; path = UpcomingCell.swift; sourceTree = "<group>"; };
		84BD4F6F1E5EA5840098962A /* TableViewTest.swift */ = {isa = PBXFileReference; fileEncoding = 4; lastKnownFileType = sourcecode.swift; path = TableViewTest.swift; sourceTree = "<group>"; };
		C3BD053E8D1493E8C53B55A2 /* Pods-EmblemDataBase.release.xcconfig */ = {isa = PBXFileReference; includeInIndex = 1; lastKnownFileType = text.xcconfig; name = "Pods-EmblemDataBase.release.xcconfig"; path = "Pods/Target Support Files/Pods-EmblemDataBase/Pods-EmblemDataBase.release.xcconfig"; sourceTree = "<group>"; };
/* End PBXFileReference section */

/* Begin PBXFrameworksBuildPhase section */
		84BD4F3B1E5C14FA0098962A /* Frameworks */ = {
			isa = PBXFrameworksBuildPhase;
			buildActionMask = 2147483647;
			files = (
				30D52EDBEC24F316D1DF2BD8 /* Pods_EmblemDataBase.framework in Frameworks */,
			);
			runOnlyForDeploymentPostprocessing = 0;
		};
/* End PBXFrameworksBuildPhase section */

/* Begin PBXGroup section */
		1F41029F3D97C183A7189317 /* Pods */ = {
			isa = PBXGroup;
			children = (
				801C33D8DF9408C710F201B2 /* Pods-EmblemDataBase.debug.xcconfig */,
				C3BD053E8D1493E8C53B55A2 /* Pods-EmblemDataBase.release.xcconfig */,
			);
			name = Pods;
			sourceTree = "<group>";
		};
		55D082698D8704D31060967E /* Frameworks */ = {
			isa = PBXGroup;
			children = (
				6AABC71AF63C34B87CB5B172 /* Pods_EmblemDataBase.framework */,
			);
			name = Frameworks;
			sourceTree = "<group>";
		};
		84BD4F351E5C14FA0098962A = {
			isa = PBXGroup;
			children = (
				84BD4F561E5C159E0098962A /* GoogleService-Info.plist */,
				84BD4F401E5C14FA0098962A /* EmblemDataBase */,
				84BD4F3F1E5C14FA0098962A /* Products */,
				1F41029F3D97C183A7189317 /* Pods */,
				55D082698D8704D31060967E /* Frameworks */,
			);
			sourceTree = "<group>";
		};
		84BD4F3F1E5C14FA0098962A /* Products */ = {
			isa = PBXGroup;
			children = (
				84BD4F3E1E5C14FA0098962A /* EmblemDataBase.app */,
			);
			name = Products;
			sourceTree = "<group>";
		};
		84BD4F401E5C14FA0098962A /* EmblemDataBase */ = {
			isa = PBXGroup;
			children = (
				84BD4F5E1E5D40A20098962A /* Data */,
				84BD4F411E5C14FA0098962A /* AppDelegate.swift */,
				84BD4F4D1E5C14FA0098962A /* LaunchScreen.storyboard */,
				84BD4F5D1E5D406D0098962A /* Classes */,
				84BD4F5C1E5D405B0098962A /* ViewContollers */,
				84BD4F451E5C14FA0098962A /* Main.storyboard */,
				84BD4F6F1E5EA5840098962A /* TableViewTest.swift */,
				84BD4F4B1E5C14FA0098962A /* Assets.xcassets */,
			);
			path = EmblemDataBase;
			sourceTree = "<group>";
		};
		84BD4F5C1E5D405B0098962A /* ViewContollers */ = {
			isa = PBXGroup;
			children = (
				84BD4F431E5C14FA0098962A /* ViewController.swift */,
				84BD4F651E5D5E4D0098962A /* UpcomingViewController.swift */,
				84BD4F611E5D51FC0098962A /* AddingUpcomingViewController.swift */,
				84BD4F671E5D5E8A0098962A /* AddBirthdayViewController.swift */,
				84BD4F691E5D5ECE0098962A /* CardViewController.swift */,
				84BD4F6D1E5D69160098962A /* UpcomingCell.swift */,
			);
			name = ViewContollers;
			sourceTree = "<group>";
		};
		84BD4F5D1E5D406D0098962A /* Classes */ = {
			isa = PBXGroup;
			children = (
				84BD4F631E5D55390098962A /* Upcoming.swift */,
				84BD4F6B1E5D616C0098962A /* postStruct.swift */,
			);
			name = Classes;
			sourceTree = "<group>";
		};
		84BD4F5E1E5D40A20098962A /* Data */ = {
			isa = PBXGroup;
			children = (
				84BD4F481E5C14FA0098962A /* EmblemDataBase.xcdatamodeld */,
				84BD4F501E5C14FA0098962A /* Info.plist */,
			);
			name = Data;
			sourceTree = "<group>";
		};
/* End PBXGroup section */

/* Begin PBXNativeTarget section */
		84BD4F3D1E5C14FA0098962A /* EmblemDataBase */ = {
			isa = PBXNativeTarget;
			buildConfigurationList = 84BD4F531E5C14FA0098962A /* Build configuration list for PBXNativeTarget "EmblemDataBase" */;
			buildPhases = (
				9C1EAFFCA4B266DED9885271 /* [CP] Check Pods Manifest.lock */,
				84BD4F3A1E5C14FA0098962A /* Sources */,
				84BD4F3B1E5C14FA0098962A /* Frameworks */,
				84BD4F3C1E5C14FA0098962A /* Resources */,
				C396941C9E0553D5B1E3C485 /* [CP] Embed Pods Frameworks */,
				C2599B661BB4EA28485857E6 /* [CP] Copy Pods Resources */,
			);
			buildRules = (
			);
			dependencies = (
			);
			name = EmblemDataBase;
			productName = EmblemDataBase;
			productReference = 84BD4F3E1E5C14FA0098962A /* EmblemDataBase.app */;
			productType = "com.apple.product-type.application";
		};
/* End PBXNativeTarget section */

/* Begin PBXProject section */
		84BD4F361E5C14FA0098962A /* Project object */ = {
			isa = PBXProject;
			attributes = {
				LastSwiftUpdateCheck = 0820;
				LastUpgradeCheck = 0820;
				ORGANIZATIONNAME = FairEnoughLLC;
				TargetAttributes = {
					84BD4F3D1E5C14FA0098962A = {
						CreatedOnToolsVersion = 8.2.1;
						ProvisioningStyle = Automatic;
					};
				};
			};
			buildConfigurationList = 84BD4F391E5C14FA0098962A /* Build configuration list for PBXProject "EmblemDataBase" */;
			compatibilityVersion = "Xcode 3.2";
			developmentRegion = English;
			hasScannedForEncodings = 0;
			knownRegions = (
				en,
				Base,
			);
			mainGroup = 84BD4F351E5C14FA0098962A;
			productRefGroup = 84BD4F3F1E5C14FA0098962A /* Products */;
			projectDirPath = "";
			projectRoot = "";
			targets = (
				84BD4F3D1E5C14FA0098962A /* EmblemDataBase */,
			);
		};
/* End PBXProject section */

/* Begin PBXResourcesBuildPhase section */
		84BD4F3C1E5C14FA0098962A /* Resources */ = {
			isa = PBXResourcesBuildPhase;
			buildActionMask = 2147483647;
			files = (
				84BD4F4F1E5C14FA0098962A /* LaunchScreen.storyboard in Resources */,
				84BD4F571E5C159E0098962A /* GoogleService-Info.plist in Resources */,
				84BD4F4C1E5C14FA0098962A /* Assets.xcassets in Resources */,
				84BD4F471E5C14FA0098962A /* Main.storyboard in Resources */,
			);
			runOnlyForDeploymentPostprocessing = 0;
		};
/* End PBXResourcesBuildPhase section */

/* Begin PBXShellScriptBuildPhase section */
		9C1EAFFCA4B266DED9885271 /* [CP] Check Pods Manifest.lock */ = {
			isa = PBXShellScriptBuildPhase;
			buildActionMask = 2147483647;
			files = (
			);
			inputPaths = (
			);
			name = "[CP] Check Pods Manifest.lock";
			outputPaths = (
			);
			runOnlyForDeploymentPostprocessing = 0;
			shellPath = /bin/sh;
			shellScript = "diff \"${PODS_ROOT}/../Podfile.lock\" \"${PODS_ROOT}/Manifest.lock\" > /dev/null\nif [ $? != 0 ] ; then\n    # print error to STDERR\n    echo \"error: The sandbox is not in sync with the Podfile.lock. Run 'pod install' or update your CocoaPods installation.\" >&2\n    exit 1\nfi\n";
			showEnvVarsInLog = 0;
		};
		C2599B661BB4EA28485857E6 /* [CP] Copy Pods Resources */ = {
			isa = PBXShellScriptBuildPhase;
			buildActionMask = 2147483647;
			files = (
			);
			inputPaths = (
			);
			name = "[CP] Copy Pods Resources";
			outputPaths = (
			);
			runOnlyForDeploymentPostprocessing = 0;
			shellPath = /bin/sh;
			shellScript = "\"${SRCROOT}/Pods/Target Support Files/Pods-EmblemDataBase/Pods-EmblemDataBase-resources.sh\"\n";
			showEnvVarsInLog = 0;
		};
		C396941C9E0553D5B1E3C485 /* [CP] Embed Pods Frameworks */ = {
			isa = PBXShellScriptBuildPhase;
			buildActionMask = 2147483647;
			files = (
			);
			inputPaths = (
			);
			name = "[CP] Embed Pods Frameworks";
			outputPaths = (
			);
			runOnlyForDeploymentPostprocessing = 0;
			shellPath = /bin/sh;
			shellScript = "\"${SRCROOT}/Pods/Target Support Files/Pods-EmblemDataBase/Pods-EmblemDataBase-frameworks.sh\"\n";
			showEnvVarsInLog = 0;
		};
/* End PBXShellScriptBuildPhase section */

/* Begin PBXSourcesBuildPhase section */
		84BD4F3A1E5C14FA0098962A /* Sources */ = {
			isa = PBXSourcesBuildPhase;
			buildActionMask = 2147483647;
			files = (
				84BD4F661E5D5E4D0098962A /* UpcomingViewController.swift in Sources */,
				84BD4F701E5EA5840098962A /* TableViewTest.swift in Sources */,
				84BD4F6E1E5D69160098962A /* UpcomingCell.swift in Sources */,
				84BD4F441E5C14FA0098962A /* ViewController.swift in Sources */,
				84BD4F681E5D5E8A0098962A /* AddBirthdayViewController.swift in Sources */,
				84BD4F641E5D55390098962A /* Upcoming.swift in Sources */,
				84BD4F6A1E5D5ECE0098962A /* CardViewController.swift in Sources */,
				84BD4F621E5D51FC0098962A /* AddingUpcomingViewController.swift in Sources */,
				84BD4F4A1E5C14FA0098962A /* EmblemDataBase.xcdatamodeld in Sources */,
				84BD4F421E5C14FA0098962A /* AppDelegate.swift in Sources */,
				84BD4F6C1E5D616C0098962A /* postStruct.swift in Sources */,
			);
			runOnlyForDeploymentPostprocessing = 0;
		};
/* End PBXSourcesBuildPhase section */

/* Begin PBXVariantGroup section */
		84BD4F451E5C14FA0098962A /* Main.storyboard */ = {
			isa = PBXVariantGroup;
			children = (
				84BD4F461E5C14FA0098962A /* Base */,
			);
			name = Main.storyboard;
			sourceTree = "<group>";
		};
		84BD4F4D1E5C14FA0098962A /* LaunchScreen.storyboard */ = {
			isa = PBXVariantGroup;
			children = (
				84BD4F4E1E5C14FA0098962A /* Base */,
			);
			name = LaunchScreen.storyboard;
			sourceTree = "<group>";
		};
/* End PBXVariantGroup section */

/* Begin XCBuildConfiguration section */
		84BD4F511E5C14FA0098962A /* Debug */ = {
			isa = XCBuildConfiguration;
			buildSettings = {
				ALWAYS_SEARCH_USER_PATHS = NO;
				CLANG_ANALYZER_NONNULL = YES;
				CLANG_CXX_LANGUAGE_STANDARD = "gnu++0x";
				CLANG_CXX_LIBRARY = "libc++";
				CLANG_ENABLE_MODULES = YES;
				CLANG_ENABLE_OBJC_ARC = YES;
				CLANG_WARN_BOOL_CONVERSION = YES;
				CLANG_WARN_CONSTANT_CONVERSION = YES;
				CLANG_WARN_DIRECT_OBJC_ISA_USAGE = YES_ERROR;
				CLANG_WARN_DOCUMENTATION_COMMENTS = YES;
				CLANG_WARN_EMPTY_BODY = YES;
				CLANG_WARN_ENUM_CONVERSION = YES;
				CLANG_WARN_INFINITE_RECURSION = YES;
				CLANG_WARN_INT_CONVERSION = YES;
				CLANG_WARN_OBJC_ROOT_CLASS = YES_ERROR;
				CLANG_WARN_SUSPICIOUS_MOVE = YES;
				CLANG_WARN_UNREACHABLE_CODE = YES;
				CLANG_WARN__DUPLICATE_METHOD_MATCH = YES;
				"CODE_SIGN_IDENTITY[sdk=iphoneos*]" = "iPhone Developer";
				COPY_PHASE_STRIP = NO;
				DEBUG_INFORMATION_FORMAT = dwarf;
				ENABLE_STRICT_OBJC_MSGSEND = YES;
				ENABLE_TESTABILITY = YES;
				GCC_C_LANGUAGE_STANDARD = gnu99;
				GCC_DYNAMIC_NO_PIC = NO;
				GCC_NO_COMMON_BLOCKS = YES;
				GCC_OPTIMIZATION_LEVEL = 0;
				GCC_PREPROCESSOR_DEFINITIONS = (
					"DEBUG=1",
					"$(inherited)",
				);
				GCC_WARN_64_TO_32_BIT_CONVERSION = YES;
				GCC_WARN_ABOUT_RETURN_TYPE = YES_ERROR;
				GCC_WARN_UNDECLARED_SELECTOR = YES;
				GCC_WARN_UNINITIALIZED_AUTOS = YES_AGGRESSIVE;
				GCC_WARN_UNUSED_FUNCTION = YES;
				GCC_WARN_UNUSED_VARIABLE = YES;
				IPHONEOS_DEPLOYMENT_TARGET = 10.2;
				MTL_ENABLE_DEBUG_INFO = YES;
				ONLY_ACTIVE_ARCH = YES;
				SDKROOT = iphoneos;
				SWIFT_ACTIVE_COMPILATION_CONDITIONS = DEBUG;
				SWIFT_OPTIMIZATION_LEVEL = "-Onone";
				TARGETED_DEVICE_FAMILY = "1,2";
			};
			name = Debug;
		};
		84BD4F521E5C14FA0098962A /* Release */ = {
			isa = XCBuildConfiguration;
			buildSettings = {
				ALWAYS_SEARCH_USER_PATHS = NO;
				CLANG_ANALYZER_NONNULL = YES;
				CLANG_CXX_LANGUAGE_STANDARD = "gnu++0x";
				CLANG_CXX_LIBRARY = "libc++";
				CLANG_ENABLE_MODULES = YES;
				CLANG_ENABLE_OBJC_ARC = YES;
				CLANG_WARN_BOOL_CONVERSION = YES;
				CLANG_WARN_CONSTANT_CONVERSION = YES;
				CLANG_WARN_DIRECT_OBJC_ISA_USAGE = YES_ERROR;
				CLANG_WARN_DOCUMENTATION_COMMENTS = YES;
				CLANG_WARN_EMPTY_BODY = YES;
				CLANG_WARN_ENUM_CONVERSION = YES;
				CLANG_WARN_INFINITE_RECURSION = YES;
				CLANG_WARN_INT_CONVERSION = YES;
				CLANG_WARN_OBJC_ROOT_CLASS = YES_ERROR;
				CLANG_WARN_SUSPICIOUS_MOVE = YES;
				CLANG_WARN_UNREACHABLE_CODE = YES;
				CLANG_WARN__DUPLICATE_METHOD_MATCH = YES;
				"CODE_SIGN_IDENTITY[sdk=iphoneos*]" = "iPhone Developer";
				COPY_PHASE_STRIP = NO;
				DEBUG_INFORMATION_FORMAT = "dwarf-with-dsym";
				ENABLE_NS_ASSERTIONS = NO;
				ENABLE_STRICT_OBJC_MSGSEND = YES;
				GCC_C_LANGUAGE_STANDARD = gnu99;
				GCC_NO_COMMON_BLOCKS = YES;
				GCC_WARN_64_TO_32_BIT_CONVERSION = YES;
				GCC_WARN_ABOUT_RETURN_TYPE = YES_ERROR;
				GCC_WARN_UNDECLARED_SELECTOR = YES;
				GCC_WARN_UNINITIALIZED_AUTOS = YES_AGGRESSIVE;
				GCC_WARN_UNUSED_FUNCTION = YES;
				GCC_WARN_UNUSED_VARIABLE = YES;
				IPHONEOS_DEPLOYMENT_TARGET = 10.2;
				MTL_ENABLE_DEBUG_INFO = NO;
				SDKROOT = iphoneos;
				SWIFT_OPTIMIZATION_LEVEL = "-Owholemodule";
				TARGETED_DEVICE_FAMILY = "1,2";
				VALIDATE_PRODUCT = YES;
			};
			name = Release;
		};
		84BD4F541E5C14FA0098962A /* Debug */ = {
			isa = XCBuildConfiguration;
			baseConfigurationReference = 801C33D8DF9408C710F201B2 /* Pods-EmblemDataBase.debug.xcconfig */;
			buildSettings = {
				ASSETCATALOG_COMPILER_APPICON_NAME = AppIcon;
				INFOPLIST_FILE = EmblemDataBase/Info.plist;
				LD_RUNPATH_SEARCH_PATHS = "$(inherited) @executable_path/Frameworks";
				PRODUCT_BUNDLE_IDENTIFIER = com.FairEnoughLLC.EmblemDataBase;
				PRODUCT_NAME = "$(TARGET_NAME)";
				SWIFT_VERSION = 3.0;
			};
			name = Debug;
		};
		84BD4F551E5C14FA0098962A /* Release */ = {
			isa = XCBuildConfiguration;
			baseConfigurationReference = C3BD053E8D1493E8C53B55A2 /* Pods-EmblemDataBase.release.xcconfig */;
			buildSettings = {
				ASSETCATALOG_COMPILER_APPICON_NAME = AppIcon;
				INFOPLIST_FILE = EmblemDataBase/Info.plist;
				LD_RUNPATH_SEARCH_PATHS = "$(inherited) @executable_path/Frameworks";
				PRODUCT_BUNDLE_IDENTIFIER = com.FairEnoughLLC.EmblemDataBase;
				PRODUCT_NAME = "$(TARGET_NAME)";
				SWIFT_VERSION = 3.0;
			};
			name = Release;
		};
/* End XCBuildConfiguration section */

/* Begin XCConfigurationList section */
		84BD4F391E5C14FA0098962A /* Build configuration list for PBXProject "EmblemDataBase" */ = {
			isa = XCConfigurationList;
			buildConfigurations = (
				84BD4F511E5C14FA0098962A /* Debug */,
				84BD4F521E5C14FA0098962A /* Release */,
			);
			defaultConfigurationIsVisible = 0;
			defaultConfigurationName = Release;
		};
		84BD4F531E5C14FA0098962A /* Build configuration list for PBXNativeTarget "EmblemDataBase" */ = {
			isa = XCConfigurationList;
			buildConfigurations = (
				84BD4F541E5C14FA0098962A /* Debug */,
				84BD4F551E5C14FA0098962A /* Release */,
			);
			defaultConfigurationIsVisible = 0;
			defaultConfigurationName = Release;
		};
/* End XCConfigurationList section */

/* Begin XCVersionGroup section */
		84BD4F481E5C14FA0098962A /* EmblemDataBase.xcdatamodeld */ = {
			isa = XCVersionGroup;
			children = (
				84BD4F491E5C14FA0098962A /* EmblemDataBase.xcdatamodel */,
			);
			currentVersion = 84BD4F491E5C14FA0098962A /* EmblemDataBase.xcdatamodel */;
			path = EmblemDataBase.xcdatamodeld;
			sourceTree = "<group>";
			versionGroupType = wrapper.xcdatamodel;
		};
/* End XCVersionGroup section */
	};
	rootObject = 84BD4F361E5C14FA0098962A /* Project object */;
}
